
Microsoft Visual Studio Solution File, Format Version 12.00
# Visual Studio Version 17
VisualStudioVersion = 17.10.35013.160
MinimumVisualStudioVersion = 10.0.40219.1
Project("{9A19103F-16F7-4668-BE54-9A1E7A4F7556}") = "Proyecto2024.Server", "Proyecto2024.Server\Proyecto2024.Server.csproj", "{B092E33A-A11A-4D0A-91FE-92EC919AA1B6}"
EndProject
Project("{FAE04EC0-301F-11D3-BF4B-00C04F79EFBC}") = "Proyecto2024.BD", "Proyecto2024.BD\Proyecto2024.BD.csproj", "{C51972A5-DA74-4A48-8B97-D185FFF87ADC}"
EndProject
Global
	GlobalSection(SolutionConfigurationPlatforms) = preSolution
		Debug|Any CPU = Debug|Any CPU
		Release|Any CPU = Release|Any CPU
	EndGlobalSection
	GlobalSection(ProjectConfigurationPlatforms) = postSolution
		{B092E33A-A11A-4D0A-91FE-92EC919AA1B6}.Debug|Any CPU.ActiveCfg = Debug|Any CPU
		{B092E33A-A11A-4D0A-91FE-92EC919AA1B6}.Debug|Any CPU.Build.0 = Debug|Any CPU
		{B092E33A-A11A-4D0A-91FE-92EC919AA1B6}.Release|Any CPU.ActiveCfg = Release|Any CPU
		{B092E33A-A11A-4D0A-91FE-92EC919AA1B6}.Release|Any CPU.Build.0 = Release|Any CPU
		{C51972A5-DA74-4A48-8B97-D185FFF87ADC}.Debug|Any CPU.ActiveCfg = Debug|Any CPU
		{C51972A5-DA74-4A48-8B97-D185FFF87ADC}.Debug|Any CPU.Build.0 = Debug|Any CPU
		{C51972A5-DA74-4A48-8B97-D185FFF87ADC}.Release|Any CPU.ActiveCfg = Release|Any CPU
		{C51972A5-DA74-4A48-8B97-D185FFF87ADC}.Release|Any CPU.Build.0 = Release|Any CPU
	EndGlobalSection
	GlobalSection(SolutionProperties) = preSolution
		HideSolutionNode = FALSE
	EndGlobalSection
	GlobalSection(ExtensibilityGlobals) = postSolution
		SolutionGuid = {A079F923-6EBB-4A33-8C74-F1222AA06D61}
	EndGlobalSection
EndGlobal
